
Microsoft Visual Studio Solution File, Format Version 12.00
# Visual Studio 15
VisualStudioVersion = 15.0.28307.136
MinimumVisualStudioVersion = 10.0.40219.1
Project("{8BC9CEB8-8B4A-11D0-8D11-00A0C91BC942}") = "1_1SytemProgram_CompositonHardware_Cpu", "SytemPrograming_byYoon\SytemPrograming_byYoon.vcxproj", "{76B6AF89-86FC-481B-B331-1A17529F7CD6}"
EndProject
Project("{8BC9CEB8-8B4A-11D0-8D11-00A0C91BC942}") = "1_2ProcessExe_SPconcept_Bus", "1_2ProcessExe_SPconcept_Bus\1_2ProcessExe_SPconcept_Bus.vcxproj", "{EFC2C948-FAFF-44B7-8205-002E75C1DE7F}"
EndProject
Global
	GlobalSection(SolutionConfigurationPlatforms) = preSolution
		Debug|x64 = Debug|x64
		Debug|x86 = Debug|x86
		Release|x64 = Release|x64
		Release|x86 = Release|x86
	EndGlobalSection
	GlobalSection(ProjectConfigurationPlatforms) = postSolution
		{76B6AF89-86FC-481B-B331-1A17529F7CD6}.Debug|x64.ActiveCfg = Debug|x64
		{76B6AF89-86FC-481B-B331-1A17529F7CD6}.Debug|x64.Build.0 = Debug|x64
		{76B6AF89-86FC-481B-B331-1A17529F7CD6}.Debug|x86.ActiveCfg = Debug|Win32
		{76B6AF89-86FC-481B-B331-1A17529F7CD6}.Debug|x86.Build.0 = Debug|Win32
		{76B6AF89-86FC-481B-B331-1A17529F7CD6}.Release|x64.ActiveCfg = Release|x64
		{76B6AF89-86FC-481B-B331-1A17529F7CD6}.Release|x64.Build.0 = Release|x64
		{76B6AF89-86FC-481B-B331-1A17529F7CD6}.Release|x86.ActiveCfg = Release|Win32
		{76B6AF89-86FC-481B-B331-1A17529F7CD6}.Release|x86.Build.0 = Release|Win32
		{EFC2C948-FAFF-44B7-8205-002E75C1DE7F}.Debug|x64.ActiveCfg = Debug|x64
		{EFC2C948-FAFF-44B7-8205-002E75C1DE7F}.Debug|x64.Build.0 = Debug|x64
		{EFC2C948-FAFF-44B7-8205-002E75C1DE7F}.Debug|x86.ActiveCfg = Debug|Win32
		{EFC2C948-FAFF-44B7-8205-002E75C1DE7F}.Debug|x86.Build.0 = Debug|Win32
		{EFC2C948-FAFF-44B7-8205-002E75C1DE7F}.Release|x64.ActiveCfg = Release|x64
		{EFC2C948-FAFF-44B7-8205-002E75C1DE7F}.Release|x64.Build.0 = Release|x64
		{EFC2C948-FAFF-44B7-8205-002E75C1DE7F}.Release|x86.ActiveCfg = Release|Win32
		{EFC2C948-FAFF-44B7-8205-002E75C1DE7F}.Release|x86.Build.0 = Release|Win32
	EndGlobalSection
	GlobalSection(SolutionProperties) = preSolution
		HideSolutionNode = FALSE
	EndGlobalSection
	GlobalSection(ExtensibilityGlobals) = postSolution
		SolutionGuid = {F2C80C79-ED49-4F19-B58A-6A4E59A14643}
	EndGlobalSection
EndGlobal
